pyyaml==6.0.3 --hash=sha256:0150219816b6a1fa26fb4699fb7daa9caf09eb1999f3b70fb6e786805e80375a
simplejson==4.1.2 --hash=sha256:385dbd36a624faae40c965d640836fac8a79aa5ecdd5d5e46e26067cff151ecf
ujson==5.11.0 --hash=sha256:f62b9976fabbcde3ab6e413f4ec2ff017749819a0786d84d7510171109f2d53c
warcio==1.8.1 --hash=sha256:82345c5914d36cb5e0513210dbf759e3db348bf8d0f7762996ccce3a5ce6e87b
